
Microsoft Visual Studio Solution File, Format Version 12.00
# Visual Studio 14
VisualStudioVersion = 14.0.25420.1
MinimumVisualStudioVersion = 10.0.40219.1
Project("{FAE04EC0-301F-11D3-BF4B-00C04F79EFBC}") = "Luanvan", "Pex4Fun\Luanvan.csproj", "{522C8420-89D2-43D1-B65E-A6A01F21544E}"
EndProject
Project("{FAE04EC0-301F-11D3-BF4B-00C04F79EFBC}") = "DOTUONGTU", "DOTUONGTU\DOTUONGTU.csproj", "{A85700A9-6EED-4F06-B7C3-944892A723F3}"
EndProject
Global
	GlobalSection(SolutionConfigurationPlatforms) = preSolution
		Debug|Any CPU = Debug|Any CPU
		Debug|x86 = Debug|x86
		Release|Any CPU = Release|Any CPU
		Release|x86 = Release|x86
	EndGlobalSection
	GlobalSection(ProjectConfigurationPlatforms) = postSolution
		{522C8420-89D2-43D1-B65E-A6A01F21544E}.Debug|Any CPU.ActiveCfg = Debug|x86
		{522C8420-89D2-43D1-B65E-A6A01F21544E}.Debug|x86.ActiveCfg = Debug|x86
		{522C8420-89D2-43D1-B65E-A6A01F21544E}.Debug|x86.Build.0 = Debug|x86
		{522C8420-89D2-43D1-B65E-A6A01F21544E}.Release|Any CPU.ActiveCfg = Release|x86
		{522C8420-89D2-43D1-B65E-A6A01F21544E}.Release|x86.ActiveCfg = Release|x86
		{522C8420-89D2-43D1-B65E-A6A01F21544E}.Release|x86.Build.0 = Release|x86
		{A85700A9-6EED-4F06-B7C3-944892A723F3}.Debug|Any CPU.ActiveCfg = Debug|Any CPU
		{A85700A9-6EED-4F06-B7C3-944892A723F3}.Debug|Any CPU.Build.0 = Debug|Any CPU
		{A85700A9-6EED-4F06-B7C3-944892A723F3}.Debug|x86.ActiveCfg = Debug|Any CPU
		{A85700A9-6EED-4F06-B7C3-944892A723F3}.Debug|x86.Build.0 = Debug|Any CPU
		{A85700A9-6EED-4F06-B7C3-944892A723F3}.Release|Any CPU.ActiveCfg = Release|Any CPU
		{A85700A9-6EED-4F06-B7C3-944892A723F3}.Release|Any CPU.Build.0 = Release|Any CPU
		{A85700A9-6EED-4F06-B7C3-944892A723F3}.Release|x86.ActiveCfg = Release|Any CPU
		{A85700A9-6EED-4F06-B7C3-944892A723F3}.Release|x86.Build.0 = Release|Any CPU
	EndGlobalSection
	GlobalSection(SolutionProperties) = preSolution
		HideSolutionNode = FALSE
	EndGlobalSection
EndGlobal
